// !$*UTF8*$!
{
	archiveVersion = 1;
	classes = {
	};
	objectVersion = 56;
	objects = {

/* Begin PBXBuildFile section */
		1D3D7F6E2B1C2AC100BA8D37 /* IOSTutorialApp.swift in Sources */ = {isa = PBXBuildFile; fileRef = 1D3D7F6D2B1C2AC100BA8D37 /* IOSTutorialApp.swift */; };
		1D3D7F702B1C2AC100BA8D37 /* ContentView.swift in Sources */ = {isa = PBXBuildFile; fileRef = 1D3D7F6F2B1C2AC100BA8D37 /* ContentView.swift */; };
		1D3D7F722B1C2AC100BA8D37 /* Item.swift in Sources */ = {isa = PBXBuildFile; fileRef = 1D3D7F712B1C2AC100BA8D37 /* Item.swift */; };
		1D3D7F742B1C2AC200BA8D37 /* Assets.xcassets in Resources */ = {isa = PBXBuildFile; fileRef = 1D3D7F732B1C2AC200BA8D37 /* Assets.xcassets */; };
		1D3D7F782B1C2AC200BA8D37 /* Preview Assets.xcassets in Resources */ = {isa = PBXBuildFile; fileRef = 1D3D7F772B1C2AC200BA8D37 /* Preview Assets.xcassets */; };
		1D3D7F822B1C2AC300BA8D37 /* IOSTutorialTests.swift in Sources */ = {isa = PBXBuildFile; fileRef = 1D3D7F812B1C2AC300BA8D37 /* IOSTutorialTests.swift */; };
		1D3D7F8C2B1C2AC300BA8D37 /* IOSTutorialUITests.swift in Sources */ = {isa = PBXBuildFile; fileRef = 1D3D7F8B2B1C2AC300BA8D37 /* IOSTutorialUITests.swift */; };
		1D3D7F8E2B1C2AC300BA8D37 /* IOSTutorialUITestsLaunchTests.swift in Sources */ = {isa = PBXBuildFile; fileRef = 1D3D7F8D2B1C2AC300BA8D37 /* IOSTutorialUITestsLaunchTests.swift */; };
		1D3D7F9B2B1C335500BA8D37 /* VStackHstackView.swift in Sources */ = {isa = PBXBuildFile; fileRef = 1D3D7F9A2B1C335500BA8D37 /* VStackHstackView.swift */; };
		1D3D7F9D2B1C4A7200BA8D37 /* MusicPlayView.swift in Sources */ = {isa = PBXBuildFile; fileRef = 1D3D7F9C2B1C4A7200BA8D37 /* MusicPlayView.swift */; };
		1D3D7F9F2B1C50F000BA8D37 /* InventoryView.swift in Sources */ = {isa = PBXBuildFile; fileRef = 1D3D7F9E2B1C50F000BA8D37 /* InventoryView.swift */; };
		1D3D7FA12B1C9E0300BA8D37 /* CardView.swift in Sources */ = {isa = PBXBuildFile; fileRef = 1D3D7FA02B1C9E0300BA8D37 /* CardView.swift */; };
		1D75DCEA2B324122001F216F /* DetailEditView.swift in Sources */ = {isa = PBXBuildFile; fileRef = 1D75DCE92B324122001F216F /* DetailEditView.swift */; };
		1D75DCEE2B324992001F216F /* ThemeView.swift in Sources */ = {isa = PBXBuildFile; fileRef = 1D75DCED2B324992001F216F /* ThemeView.swift */; };
		1D75DCF02B324C45001F216F /* ThemePicker.swift in Sources */ = {isa = PBXBuildFile; fileRef = 1D75DCEF2B324C45001F216F /* ThemePicker.swift */; };
		1DD2EFCB2B1D297D00B7529D /* Theme.swift in Sources */ = {isa = PBXBuildFile; fileRef = 1DD2EFCA2B1D297D00B7529D /* Theme.swift */; };
		1DD2EFCD2B1D2A7500B7529D /* DailyScrum.swift in Sources */ = {isa = PBXBuildFile; fileRef = 1DD2EFCC2B1D2A7500B7529D /* DailyScrum.swift */; };
		1DD2EFCF2B1D31FF00B7529D /* TrailingIconLabelStyle.swift in Sources */ = {isa = PBXBuildFile; fileRef = 1DD2EFCE2B1D31FF00B7529D /* TrailingIconLabelStyle.swift */; };
		1DD2EFD12B1D359400B7529D /* ScrumsView.swift in Sources */ = {isa = PBXBuildFile; fileRef = 1DD2EFD02B1D359400B7529D /* ScrumsView.swift */; };
		1DD2EFD32B1D3E3700B7529D /* DetailView.swift in Sources */ = {isa = PBXBuildFile; fileRef = 1DD2EFD22B1D3E3700B7529D /* DetailView.swift */; };
		1DF613A72B2E50CA00C24E01 /* AppTabView.swift in Sources */ = {isa = PBXBuildFile; fileRef = 1DF613A62B2E50CA00C24E01 /* AppTabView.swift */; };
		1DF613A92B2E5C4B00C24E01 /* NavigationView.swift in Sources */ = {isa = PBXBuildFile; fileRef = 1DF613A82B2E5C4B00C24E01 /* NavigationView.swift */; };
		1DF613AB2B2E5FF800C24E01 /* BView.swift in Sources */ = {isa = PBXBuildFile; fileRef = 1DF613AA2B2E5FF800C24E01 /* BView.swift */; };
		1DF613AD2B2E600700C24E01 /* CView.swift in Sources */ = {isa = PBXBuildFile; fileRef = 1DF613AC2B2E600700C24E01 /* CView.swift */; };
		1DF613AF2B2E601600C24E01 /* DView.swift in Sources */ = {isa = PBXBuildFile; fileRef = 1DF613AE2B2E601600C24E01 /* DView.swift */; };
/* End PBXBuildFile section */

/* Begin PBXContainerItemProxy section */
		1D3D7F7E2B1C2AC300BA8D37 /* PBXContainerItemProxy */ = {
			isa = PBXContainerItemProxy;
			containerPortal = 1D3D7F622B1C2AC100BA8D37 /* Project object */;
			proxyType = 1;
			remoteGlobalIDString = 1D3D7F692B1C2AC100BA8D37;
			remoteInfo = IOSTutorial;
		};
		1D3D7F882B1C2AC300BA8D37 /* PBXContainerItemProxy */ = {
			isa = PBXContainerItemProxy;
			containerPortal = 1D3D7F622B1C2AC100BA8D37 /* Project object */;
			proxyType = 1;
			remoteGlobalIDString = 1D3D7F692B1C2AC100BA8D37;
			remoteInfo = IOSTutorial;
		};
/* End PBXContainerItemProxy section */

/* Begin PBXFileReference section */
		1D3D7F6A2B1C2AC100BA8D37 /* IOSTutorial.app */ = {isa = PBXFileReference; explicitFileType = wrapper.application; includeInIndex = 0; path = IOSTutorial.app; sourceTree = BUILT_PRODUCTS_DIR; };
		1D3D7F6D2B1C2AC100BA8D37 /* IOSTutorialApp.swift */ = {isa = PBXFileReference; lastKnownFileType = sourcecode.swift; path = IOSTutorialApp.swift; sourceTree = "<group>"; };
		1D3D7F6F2B1C2AC100BA8D37 /* ContentView.swift */ = {isa = PBXFileReference; lastKnownFileType = sourcecode.swift; path = ContentView.swift; sourceTree = "<group>"; };
		1D3D7F712B1C2AC100BA8D37 /* Item.swift */ = {isa = PBXFileReference; lastKnownFileType = sourcecode.swift; path = Item.swift; sourceTree = "<group>"; };
		1D3D7F732B1C2AC200BA8D37 /* Assets.xcassets */ = {isa = PBXFileReference; lastKnownFileType = folder.assetcatalog; path = Assets.xcassets; sourceTree = "<group>"; };
		1D3D7F752B1C2AC200BA8D37 /* IOSTutorial.entitlements */ = {isa = PBXFileReference; lastKnownFileType = text.plist.entitlements; path = IOSTutorial.entitlements; sourceTree = "<group>"; };
		1D3D7F772B1C2AC200BA8D37 /* Preview Assets.xcassets */ = {isa = PBXFileReference; lastKnownFileType = folder.assetcatalog; path = "Preview Assets.xcassets"; sourceTree = "<group>"; };
		1D3D7F7D2B1C2AC300BA8D37 /* IOSTutorialTests.xctest */ = {isa = PBXFileReference; explicitFileType = wrapper.cfbundle; includeInIndex = 0; path = IOSTutorialTests.xctest; sourceTree = BUILT_PRODUCTS_DIR; };
		1D3D7F812B1C2AC300BA8D37 /* IOSTutorialTests.swift */ = {isa = PBXFileReference; lastKnownFileType = sourcecode.swift; path = IOSTutorialTests.swift; sourceTree = "<group>"; };
		1D3D7F872B1C2AC300BA8D37 /* IOSTutorialUITests.xctest */ = {isa = PBXFileReference; explicitFileType = wrapper.cfbundle; includeInIndex = 0; path = IOSTutorialUITests.xctest; sourceTree = BUILT_PRODUCTS_DIR; };
		1D3D7F8B2B1C2AC300BA8D37 /* IOSTutorialUITests.swift */ = {isa = PBXFileReference; lastKnownFileType = sourcecode.swift; path = IOSTutorialUITests.swift; sourceTree = "<group>"; };
		1D3D7F8D2B1C2AC300BA8D37 /* IOSTutorialUITestsLaunchTests.swift */ = {isa = PBXFileReference; lastKnownFileType = sourcecode.swift; path = IOSTutorialUITestsLaunchTests.swift; sourceTree = "<group>"; };
		1D3D7F9A2B1C335500BA8D37 /* VStackHstackView.swift */ = {isa = PBXFileReference; lastKnownFileType = sourcecode.swift; path = VStackHstackView.swift; sourceTree = "<group>"; };
		1D3D7F9C2B1C4A7200BA8D37 /* MusicPlayView.swift */ = {isa = PBXFileReference; lastKnownFileType = sourcecode.swift; path = MusicPlayView.swift; sourceTree = "<group>"; };
		1D3D7F9E2B1C50F000BA8D37 /* InventoryView.swift */ = {isa = PBXFileReference; lastKnownFileType = sourcecode.swift; path = InventoryView.swift; sourceTree = "<group>"; };
		1D3D7FA02B1C9E0300BA8D37 /* CardView.swift */ = {isa = PBXFileReference; lastKnownFileType = sourcecode.swift; path = CardView.swift; sourceTree = "<group>"; };
		1D75DCE92B324122001F216F /* DetailEditView.swift */ = {isa = PBXFileReference; lastKnownFileType = sourcecode.swift; path = DetailEditView.swift; sourceTree = "<group>"; };
		1D75DCED2B324992001F216F /* ThemeView.swift */ = {isa = PBXFileReference; lastKnownFileType = sourcecode.swift; path = ThemeView.swift; sourceTree = "<group>"; };
		1D75DCEF2B324C45001F216F /* ThemePicker.swift */ = {isa = PBXFileReference; lastKnownFileType = sourcecode.swift; path = ThemePicker.swift; sourceTree = "<group>"; };
		1DD2EFCA2B1D297D00B7529D /* Theme.swift */ = {isa = PBXFileReference; lastKnownFileType = sourcecode.swift; path = Theme.swift; sourceTree = "<group>"; };
		1DD2EFCC2B1D2A7500B7529D /* DailyScrum.swift */ = {isa = PBXFileReference; lastKnownFileType = sourcecode.swift; path = DailyScrum.swift; sourceTree = "<group>"; };
		1DD2EFCE2B1D31FF00B7529D /* TrailingIconLabelStyle.swift */ = {isa = PBXFileReference; lastKnownFileType = sourcecode.swift; path = TrailingIconLabelStyle.swift; sourceTree = "<group>"; };
		1DD2EFD02B1D359400B7529D /* ScrumsView.swift */ = {isa = PBXFileReference; lastKnownFileType = sourcecode.swift; path = ScrumsView.swift; sourceTree = "<group>"; };
		1DD2EFD22B1D3E3700B7529D /* DetailView.swift */ = {isa = PBXFileReference; lastKnownFileType = sourcecode.swift; path = DetailView.swift; sourceTree = "<group>"; };
		1DF613A62B2E50CA00C24E01 /* AppTabView.swift */ = {isa = PBXFileReference; lastKnownFileType = sourcecode.swift; path = AppTabView.swift; sourceTree = "<group>"; };
		1DF613A82B2E5C4B00C24E01 /* NavigationView.swift */ = {isa = PBXFileReference; lastKnownFileType = sourcecode.swift; path = NavigationView.swift; sourceTree = "<group>"; };
		1DF613AA2B2E5FF800C24E01 /* BView.swift */ = {isa = PBXFileReference; lastKnownFileType = sourcecode.swift; path = BView.swift; sourceTree = "<group>"; };
		1DF613AC2B2E600700C24E01 /* CView.swift */ = {isa = PBXFileReference; lastKnownFileType = sourcecode.swift; path = CView.swift; sourceTree = "<group>"; };
		1DF613AE2B2E601600C24E01 /* DView.swift */ = {isa = PBXFileReference; lastKnownFileType = sourcecode.swift; path = DView.swift; sourceTree = "<group>"; };
/* End PBXFileReference section */

/* Begin PBXFrameworksBuildPhase section */
		1D3D7F672B1C2AC100BA8D37 /* Frameworks */ = {
			isa = PBXFrameworksBuildPhase;
			buildActionMask = 2147483647;
			files = (
			);
			runOnlyForDeploymentPostprocessing = 0;
		};
		1D3D7F7A2B1C2AC300BA8D37 /* Frameworks */ = {
			isa = PBXFrameworksBuildPhase;
			buildActionMask = 2147483647;
			files = (
			);
			runOnlyForDeploymentPostprocessing = 0;
		};
		1D3D7F842B1C2AC300BA8D37 /* Frameworks */ = {
			isa = PBXFrameworksBuildPhase;
			buildActionMask = 2147483647;
			files = (
			);
			runOnlyForDeploymentPostprocessing = 0;
		};
/* End PBXFrameworksBuildPhase section */

/* Begin PBXGroup section */
		1D3D7F612B1C2AC100BA8D37 = {
			isa = PBXGroup;
			children = (
				1D3D7F6C2B1C2AC100BA8D37 /* IOSTutorial */,
				1D3D7F802B1C2AC300BA8D37 /* IOSTutorialTests */,
				1D3D7F8A2B1C2AC300BA8D37 /* IOSTutorialUITests */,
				1D3D7F6B2B1C2AC100BA8D37 /* Products */,
			);
			sourceTree = "<group>";
		};
		1D3D7F6B2B1C2AC100BA8D37 /* Products */ = {
			isa = PBXGroup;
			children = (
				1D3D7F6A2B1C2AC100BA8D37 /* IOSTutorial.app */,
				1D3D7F7D2B1C2AC300BA8D37 /* IOSTutorialTests.xctest */,
				1D3D7F872B1C2AC300BA8D37 /* IOSTutorialUITests.xctest */,
			);
			name = Products;
			sourceTree = "<group>";
		};
		1D3D7F6C2B1C2AC100BA8D37 /* IOSTutorial */ = {
			isa = PBXGroup;
			children = (
				1DD2EFC92B1D293000B7529D /* Models */,
				1D3D7F6D2B1C2AC100BA8D37 /* IOSTutorialApp.swift */,
				1D3D7F6F2B1C2AC100BA8D37 /* ContentView.swift */,
				1D3D7F712B1C2AC100BA8D37 /* Item.swift */,
				1D3D7F732B1C2AC200BA8D37 /* Assets.xcassets */,
				1D3D7F752B1C2AC200BA8D37 /* IOSTutorial.entitlements */,
				1D3D7F762B1C2AC200BA8D37 /* Preview Content */,
				1D3D7F9A2B1C335500BA8D37 /* VStackHstackView.swift */,
				1D3D7F9C2B1C4A7200BA8D37 /* MusicPlayView.swift */,
				1D3D7F9E2B1C50F000BA8D37 /* InventoryView.swift */,
				1D3D7FA02B1C9E0300BA8D37 /* CardView.swift */,
				1DD2EFD02B1D359400B7529D /* ScrumsView.swift */,
				1DD2EFD22B1D3E3700B7529D /* DetailView.swift */,
				1DF613A62B2E50CA00C24E01 /* AppTabView.swift */,
				1DF613A82B2E5C4B00C24E01 /* NavigationView.swift */,
				1DF613AA2B2E5FF800C24E01 /* BView.swift */,
				1DF613AC2B2E600700C24E01 /* CView.swift */,
				1DF613AE2B2E601600C24E01 /* DView.swift */,
				1D75DCE92B324122001F216F /* DetailEditView.swift */,
				1D75DCED2B324992001F216F /* ThemeView.swift */,
				1D75DCEF2B324C45001F216F /* ThemePicker.swift */,
			);
			path = IOSTutorial;
			sourceTree = "<group>";
		};
		1D3D7F762B1C2AC200BA8D37 /* Preview Content */ = {
			isa = PBXGroup;
			children = (
				1D3D7F772B1C2AC200BA8D37 /* Preview Assets.xcassets */,
			);
			path = "Preview Content";
			sourceTree = "<group>";
		};
		1D3D7F802B1C2AC300BA8D37 /* IOSTutorialTests */ = {
			isa = PBXGroup;
			children = (
				1D3D7F812B1C2AC300BA8D37 /* IOSTutorialTests.swift */,
			);
			path = IOSTutorialTests;
			sourceTree = "<group>";
		};
		1D3D7F8A2B1C2AC300BA8D37 /* IOSTutorialUITests */ = {
			isa = PBXGroup;
			children = (
				1D3D7F8B2B1C2AC300BA8D37 /* IOSTutorialUITests.swift */,
				1D3D7F8D2B1C2AC300BA8D37 /* IOSTutorialUITestsLaunchTests.swift */,
			);
			path = IOSTutorialUITests;
			sourceTree = "<group>";
		};
		1DD2EFC92B1D293000B7529D /* Models */ = {
			isa = PBXGroup;
			children = (
				1DD2EFCA2B1D297D00B7529D /* Theme.swift */,
				1DD2EFCC2B1D2A7500B7529D /* DailyScrum.swift */,
				1DD2EFCE2B1D31FF00B7529D /* TrailingIconLabelStyle.swift */,
			);
			path = Models;
			sourceTree = "<group>";
		};
/* End PBXGroup section */

/* Begin PBXNativeTarget section */
		1D3D7F692B1C2AC100BA8D37 /* IOSTutorial */ = {
			isa = PBXNativeTarget;
			buildConfigurationList = 1D3D7F912B1C2AC300BA8D37 /* Build configuration list for PBXNativeTarget "IOSTutorial" */;
			buildPhases = (
				1D3D7F662B1C2AC100BA8D37 /* Sources */,
				1D3D7F672B1C2AC100BA8D37 /* Frameworks */,
				1D3D7F682B1C2AC100BA8D37 /* Resources */,
			);
			buildRules = (
			);
			dependencies = (
			);
			name = IOSTutorial;
			productName = IOSTutorial;
			productReference = 1D3D7F6A2B1C2AC100BA8D37 /* IOSTutorial.app */;
			productType = "com.apple.product-type.application";
		};
		1D3D7F7C2B1C2AC300BA8D37 /* IOSTutorialTests */ = {
			isa = PBXNativeTarget;
			buildConfigurationList = 1D3D7F942B1C2AC300BA8D37 /* Build configuration list for PBXNativeTarget "IOSTutorialTests" */;
			buildPhases = (
				1D3D7F792B1C2AC300BA8D37 /* Sources */,
				1D3D7F7A2B1C2AC300BA8D37 /* Frameworks */,
				1D3D7F7B2B1C2AC300BA8D37 /* Resources */,
			);
			buildRules = (
			);
			dependencies = (
				1D3D7F7F2B1C2AC300BA8D37 /* PBXTargetDependency */,
			);
			name = IOSTutorialTests;
			productName = IOSTutorialTests;
			productReference = 1D3D7F7D2B1C2AC300BA8D37 /* IOSTutorialTests.xctest */;
			productType = "com.apple.product-type.bundle.unit-test";
		};
		1D3D7F862B1C2AC300BA8D37 /* IOSTutorialUITests */ = {
			isa = PBXNativeTarget;
			buildConfigurationList = 1D3D7F972B1C2AC300BA8D37 /* Build configuration list for PBXNativeTarget "IOSTutorialUITests" */;
			buildPhases = (
				1D3D7F832B1C2AC300BA8D37 /* Sources */,
				1D3D7F842B1C2AC300BA8D37 /* Frameworks */,
				1D3D7F852B1C2AC300BA8D37 /* Resources */,
			);
			buildRules = (
			);
			dependencies = (
				1D3D7F892B1C2AC300BA8D37 /* PBXTargetDependency */,
			);
			name = IOSTutorialUITests;
			productName = IOSTutorialUITests;
			productReference = 1D3D7F872B1C2AC300BA8D37 /* IOSTutorialUITests.xctest */;
			productType = "com.apple.product-type.bundle.ui-testing";
		};
/* End PBXNativeTarget section */

/* Begin PBXProject section */
		1D3D7F622B1C2AC100BA8D37 /* Project object */ = {
			isa = PBXProject;
			attributes = {
				BuildIndependentTargetsInParallel = 1;
				LastSwiftUpdateCheck = 1500;
				LastUpgradeCheck = 1500;
				TargetAttributes = {
					1D3D7F692B1C2AC100BA8D37 = {
						CreatedOnToolsVersion = 15.0.1;
					};
					1D3D7F7C2B1C2AC300BA8D37 = {
						CreatedOnToolsVersion = 15.0.1;
						TestTargetID = 1D3D7F692B1C2AC100BA8D37;
					};
					1D3D7F862B1C2AC300BA8D37 = {
						CreatedOnToolsVersion = 15.0.1;
						TestTargetID = 1D3D7F692B1C2AC100BA8D37;
					};
				};
			};
			buildConfigurationList = 1D3D7F652B1C2AC100BA8D37 /* Build configuration list for PBXProject "IOSTutorial" */;
			compatibilityVersion = "Xcode 14.0";
			developmentRegion = en;
			hasScannedForEncodings = 0;
			knownRegions = (
				en,
				Base,
			);
			mainGroup = 1D3D7F612B1C2AC100BA8D37;
			productRefGroup = 1D3D7F6B2B1C2AC100BA8D37 /* Products */;
			projectDirPath = "";
			projectRoot = "";
			targets = (
				1D3D7F692B1C2AC100BA8D37 /* IOSTutorial */,
				1D3D7F7C2B1C2AC300BA8D37 /* IOSTutorialTests */,
				1D3D7F862B1C2AC300BA8D37 /* IOSTutorialUITests */,
			);
		};
/* End PBXProject section */

/* Begin PBXResourcesBuildPhase section */
		1D3D7F682B1C2AC100BA8D37 /* Resources */ = {
			isa = PBXResourcesBuildPhase;
			buildActionMask = 2147483647;
			files = (
				1D3D7F782B1C2AC200BA8D37 /* Preview Assets.xcassets in Resources */,
				1D3D7F742B1C2AC200BA8D37 /* Assets.xcassets in Resources */,
			);
			runOnlyForDeploymentPostprocessing = 0;
		};
		1D3D7F7B2B1C2AC300BA8D37 /* Resources */ = {
			isa = PBXResourcesBuildPhase;
			buildActionMask = 2147483647;
			files = (
			);
			runOnlyForDeploymentPostprocessing = 0;
		};
		1D3D7F852B1C2AC300BA8D37 /* Resources */ = {
			isa = PBXResourcesBuildPhase;
			buildActionMask = 2147483647;
			files = (
			);
			runOnlyForDeploymentPostprocessing = 0;
		};
/* End PBXResourcesBuildPhase section */

/* Begin PBXSourcesBuildPhase section */
		1D3D7F662B1C2AC100BA8D37 /* Sources */ = {
			isa = PBXSourcesBuildPhase;
			buildActionMask = 2147483647;
			files = (
				1D75DCEE2B324992001F216F /* ThemeView.swift in Sources */,
				1DF613A92B2E5C4B00C24E01 /* NavigationView.swift in Sources */,
				1DF613AB2B2E5FF800C24E01 /* BView.swift in Sources */,
				1D3D7FA12B1C9E0300BA8D37 /* CardView.swift in Sources */,
				1DD2EFD32B1D3E3700B7529D /* DetailView.swift in Sources */,
				1DF613AD2B2E600700C24E01 /* CView.swift in Sources */,
				1DF613AF2B2E601600C24E01 /* DView.swift in Sources */,
				1DD2EFCB2B1D297D00B7529D /* Theme.swift in Sources */,
				1D3D7F702B1C2AC100BA8D37 /* ContentView.swift in Sources */,
				1DD2EFCF2B1D31FF00B7529D /* TrailingIconLabelStyle.swift in Sources */,
				1D3D7F722B1C2AC100BA8D37 /* Item.swift in Sources */,
				1DD2EFCD2B1D2A7500B7529D /* DailyScrum.swift in Sources */,
				1D75DCEA2B324122001F216F /* DetailEditView.swift in Sources */,
				1D75DCF02B324C45001F216F /* ThemePicker.swift in Sources */,
				1D3D7F9B2B1C335500BA8D37 /* VStackHstackView.swift in Sources */,
				1D3D7F9F2B1C50F000BA8D37 /* InventoryView.swift in Sources */,
				1D3D7F9D2B1C4A7200BA8D37 /* MusicPlayView.swift in Sources */,
				1D3D7F6E2B1C2AC100BA8D37 /* IOSTutorialApp.swift in Sources */,
				1DF613A72B2E50CA00C24E01 /* AppTabView.swift in Sources */,
				1DD2EFD12B1D359400B7529D /* ScrumsView.swift in Sources */,
			);
			runOnlyForDeploymentPostprocessing = 0;
		};
		1D3D7F792B1C2AC300BA8D37 /* Sources */ = {
			isa = PBXSourcesBuildPhase;
			buildActionMask = 2147483647;
			files = (
				1D3D7F822B1C2AC300BA8D37 /* IOSTutorialTests.swift in Sources */,
			);
			runOnlyForDeploymentPostprocessing = 0;
		};
		1D3D7F832B1C2AC300BA8D37 /* Sources */ = {
			isa = PBXSourcesBuildPhase;
			buildActionMask = 2147483647;
			files = (
				1D3D7F8E2B1C2AC300BA8D37 /* IOSTutorialUITestsLaunchTests.swift in Sources */,
				1D3D7F8C2B1C2AC300BA8D37 /* IOSTutorialUITests.swift in Sources */,
			);
			runOnlyForDeploymentPostprocessing = 0;
		};
/* End PBXSourcesBuildPhase section */

/* Begin PBXTargetDependency section */
		1D3D7F7F2B1C2AC300BA8D37 /* PBXTargetDependency */ = {
			isa = PBXTargetDependency;
			target = 1D3D7F692B1C2AC100BA8D37 /* IOSTutorial */;
			targetProxy = 1D3D7F7E2B1C2AC300BA8D37 /* PBXContainerItemProxy */;
		};
		1D3D7F892B1C2AC300BA8D37 /* PBXTargetDependency */ = {
			isa = PBXTargetDependency;
			target = 1D3D7F692B1C2AC100BA8D37 /* IOSTutorial */;
			targetProxy = 1D3D7F882B1C2AC300BA8D37 /* PBXContainerItemProxy */;
		};
/* End PBXTargetDependency section */

/* Begin XCBuildConfiguration section */
		1D3D7F8F2B1C2AC300BA8D37 /* Debug */ = {
			isa = XCBuildConfiguration;
			buildSettings = {
				ALWAYS_SEARCH_USER_PATHS = NO;
				ASSETCATALOG_COMPILER_GENERATE_SWIFT_ASSET_SYMBOL_EXTENSIONS = YES;
				CLANG_ANALYZER_NONNULL = YES;
				CLANG_ANALYZER_NUMBER_OBJECT_CONVERSION = YES_AGGRESSIVE;
				CLANG_CXX_LANGUAGE_STANDARD = "gnu++20";
				CLANG_ENABLE_MODULES = YES;
				CLANG_ENABLE_OBJC_ARC = YES;
				CLANG_ENABLE_OBJC_WEAK = YES;
				CLANG_WARN_BLOCK_CAPTURE_AUTORELEASING = YES;
				CLANG_WARN_BOOL_CONVERSION = YES;
				CLANG_WARN_COMMA = YES;
				CLANG_WARN_CONSTANT_CONVERSION = YES;
				CLANG_WARN_DEPRECATED_OBJC_IMPLEMENTATIONS = YES;
				CLANG_WARN_DIRECT_OBJC_ISA_USAGE = YES_ERROR;
				CLANG_WARN_DOCUMENTATION_COMMENTS = YES;
				CLANG_WARN_EMPTY_BODY = YES;
				CLANG_WARN_ENUM_CONVERSION = YES;
				CLANG_WARN_INFINITE_RECURSION = YES;
				CLANG_WARN_INT_CONVERSION = YES;
				CLANG_WARN_NON_LITERAL_NULL_CONVERSION = YES;
				CLANG_WARN_OBJC_IMPLICIT_RETAIN_SELF = YES;
				CLANG_WARN_OBJC_LITERAL_CONVERSION = YES;
				CLANG_WARN_OBJC_ROOT_CLASS = YES_ERROR;
				CLANG_WARN_QUOTED_INCLUDE_IN_FRAMEWORK_HEADER = YES;
				CLANG_WARN_RANGE_LOOP_ANALYSIS = YES;
				CLANG_WARN_STRICT_PROTOTYPES = YES;
				CLANG_WARN_SUSPICIOUS_MOVE = YES;
				CLANG_WARN_UNGUARDED_AVAILABILITY = YES_AGGRESSIVE;
				CLANG_WARN_UNREACHABLE_CODE = YES;
				CLANG_WARN__DUPLICATE_METHOD_MATCH = YES;
				COPY_PHASE_STRIP = NO;
				DEBUG_INFORMATION_FORMAT = dwarf;
				ENABLE_STRICT_OBJC_MSGSEND = YES;
				ENABLE_TESTABILITY = YES;
				ENABLE_USER_SCRIPT_SANDBOXING = YES;
				GCC_C_LANGUAGE_STANDARD = gnu17;
				GCC_DYNAMIC_NO_PIC = NO;
				GCC_NO_COMMON_BLOCKS = YES;
				GCC_OPTIMIZATION_LEVEL = 0;
				GCC_PREPROCESSOR_DEFINITIONS = (
					"DEBUG=1",
					"$(inherited)",
				);
				GCC_WARN_64_TO_32_BIT_CONVERSION = YES;
				GCC_WARN_ABOUT_RETURN_TYPE = YES_ERROR;
				GCC_WARN_UNDECLARED_SELECTOR = YES;
				GCC_WARN_UNINITIALIZED_AUTOS = YES_AGGRESSIVE;
				GCC_WARN_UNUSED_FUNCTION = YES;
				GCC_WARN_UNUSED_VARIABLE = YES;
				LOCALIZATION_PREFERS_STRING_CATALOGS = YES;
				MTL_ENABLE_DEBUG_INFO = INCLUDE_SOURCE;
				MTL_FAST_MATH = YES;
				ONLY_ACTIVE_ARCH = YES;
				SWIFT_ACTIVE_COMPILATION_CONDITIONS = "DEBUG $(inherited)";
				SWIFT_OPTIMIZATION_LEVEL = "-Onone";
			};
			name = Debug;
		};
		1D3D7F902B1C2AC300BA8D37 /* Release */ = {
			isa = XCBuildConfiguration;
			buildSettings = {
				ALWAYS_SEARCH_USER_PATHS = NO;
				ASSETCATALOG_COMPILER_GENERATE_SWIFT_ASSET_SYMBOL_EXTENSIONS = YES;
				CLANG_ANALYZER_NONNULL = YES;
				CLANG_ANALYZER_NUMBER_OBJECT_CONVERSION = YES_AGGRESSIVE;
				CLANG_CXX_LANGUAGE_STANDARD = "gnu++20";
				CLANG_ENABLE_MODULES = YES;
				CLANG_ENABLE_OBJC_ARC = YES;
				CLANG_ENABLE_OBJC_WEAK = YES;
				CLANG_WARN_BLOCK_CAPTURE_AUTORELEASING = YES;
				CLANG_WARN_BOOL_CONVERSION = YES;
				CLANG_WARN_COMMA = YES;
				CLANG_WARN_CONSTANT_CONVERSION = YES;
				CLANG_WARN_DEPRECATED_OBJC_IMPLEMENTATIONS = YES;
				CLANG_WARN_DIRECT_OBJC_ISA_USAGE = YES_ERROR;
				CLANG_WARN_DOCUMENTATION_COMMENTS = YES;
				CLANG_WARN_EMPTY_BODY = YES;
				CLANG_WARN_ENUM_CONVERSION = YES;
				CLANG_WARN_INFINITE_RECURSION = YES;
				CLANG_WARN_INT_CONVERSION = YES;
				CLANG_WARN_NON_LITERAL_NULL_CONVERSION = YES;
				CLANG_WARN_OBJC_IMPLICIT_RETAIN_SELF = YES;
				CLANG_WARN_OBJC_LITERAL_CONVERSION = YES;
				CLANG_WARN_OBJC_ROOT_CLASS = YES_ERROR;
				CLANG_WARN_QUOTED_INCLUDE_IN_FRAMEWORK_HEADER = YES;
				CLANG_WARN_RANGE_LOOP_ANALYSIS = YES;
				CLANG_WARN_STRICT_PROTOTYPES = YES;
				CLANG_WARN_SUSPICIOUS_MOVE = YES;
				CLANG_WARN_UNGUARDED_AVAILABILITY = YES_AGGRESSIVE;
				CLANG_WARN_UNREACHABLE_CODE = YES;
				CLANG_WARN__DUPLICATE_METHOD_MATCH = YES;
				COPY_PHASE_STRIP = NO;
				DEBUG_INFORMATION_FORMAT = "dwarf-with-dsym";
				ENABLE_NS_ASSERTIONS = NO;
				ENABLE_STRICT_OBJC_MSGSEND = YES;
				ENABLE_USER_SCRIPT_SANDBOXING = YES;
				GCC_C_LANGUAGE_STANDARD = gnu17;
				GCC_NO_COMMON_BLOCKS = YES;
				GCC_WARN_64_TO_32_BIT_CONVERSION = YES;
				GCC_WARN_ABOUT_RETURN_TYPE = YES_ERROR;
				GCC_WARN_UNDECLARED_SELECTOR = YES;
				GCC_WARN_UNINITIALIZED_AUTOS = YES_AGGRESSIVE;
				GCC_WARN_UNUSED_FUNCTION = YES;
				GCC_WARN_UNUSED_VARIABLE = YES;
				LOCALIZATION_PREFERS_STRING_CATALOGS = YES;
				MTL_ENABLE_DEBUG_INFO = NO;
				MTL_FAST_MATH = YES;
				SWIFT_COMPILATION_MODE = wholemodule;
			};
			name = Release;
		};
		1D3D7F922B1C2AC300BA8D37 /* Debug */ = {
			isa = XCBuildConfiguration;
			buildSettings = {
				ASSETCATALOG_COMPILER_APPICON_NAME = AppIcon;
				ASSETCATALOG_COMPILER_GLOBAL_ACCENT_COLOR_NAME = AccentColor;
				CODE_SIGN_ENTITLEMENTS = IOSTutorial/IOSTutorial.entitlements;
				CODE_SIGN_STYLE = Automatic;
				CURRENT_PROJECT_VERSION = 1;
				DEVELOPMENT_ASSET_PATHS = "\"IOSTutorial/Preview Content\"";
				DEVELOPMENT_TEAM = "";
				ENABLE_HARDENED_RUNTIME = YES;
				ENABLE_PREVIEWS = YES;
				GENERATE_INFOPLIST_FILE = YES;
				"INFOPLIST_KEY_UIApplicationSceneManifest_Generation[sdk=iphoneos*]" = YES;
				"INFOPLIST_KEY_UIApplicationSceneManifest_Generation[sdk=iphonesimulator*]" = YES;
				"INFOPLIST_KEY_UIApplicationSupportsIndirectInputEvents[sdk=iphoneos*]" = YES;
				"INFOPLIST_KEY_UIApplicationSupportsIndirectInputEvents[sdk=iphonesimulator*]" = YES;
				"INFOPLIST_KEY_UILaunchScreen_Generation[sdk=iphoneos*]" = YES;
				"INFOPLIST_KEY_UILaunchScreen_Generation[sdk=iphonesimulator*]" = YES;
				"INFOPLIST_KEY_UIStatusBarStyle[sdk=iphoneos*]" = UIStatusBarStyleDefault;
				"INFOPLIST_KEY_UIStatusBarStyle[sdk=iphonesimulator*]" = UIStatusBarStyleDefault;
				INFOPLIST_KEY_UISupportedInterfaceOrientations_iPad = "UIInterfaceOrientationPortrait UIInterfaceOrientationPortraitUpsideDown UIInterfaceOrientationLandscapeLeft UIInterfaceOrientationLandscapeRight";
				INFOPLIST_KEY_UISupportedInterfaceOrientations_iPhone = "UIInterfaceOrientationPortrait UIInterfaceOrientationLandscapeLeft UIInterfaceOrientationLandscapeRight";
				IPHONEOS_DEPLOYMENT_TARGET = 17.0;
				LD_RUNPATH_SEARCH_PATHS = "@executable_path/Frameworks";
				"LD_RUNPATH_SEARCH_PATHS[sdk=macosx*]" = "@executable_path/../Frameworks";
				MACOSX_DEPLOYMENT_TARGET = 14.0;
				MARKETING_VERSION = 1.0.0;
				PRODUCT_BUNDLE_IDENTIFIER = HubletOy.IOSTutorial;
				PRODUCT_NAME = "$(TARGET_NAME)";
				SDKROOT = auto;
				SUPPORTED_PLATFORMS = "iphoneos iphonesimulator macosx";
				SWIFT_EMIT_LOC_STRINGS = YES;
				SWIFT_VERSION = 5.0;
				TARGETED_DEVICE_FAMILY = "1,2";
			};
			name = Debug;
		};
		1D3D7F932B1C2AC300BA8D37 /* Release */ = {
			isa = XCBuildConfiguration;
			buildSettings = {
				ASSETCATALOG_COMPILER_APPICON_NAME = AppIcon;
				ASSETCATALOG_COMPILER_GLOBAL_ACCENT_COLOR_NAME = AccentColor;
				CODE_SIGN_ENTITLEMENTS = IOSTutorial/IOSTutorial.entitlements;
				CODE_SIGN_STYLE = Automatic;
				CURRENT_PROJECT_VERSION = 1;
				DEVELOPMENT_ASSET_PATHS = "\"IOSTutorial/Preview Content\"";
				DEVELOPMENT_TEAM = RX8774SU27;
				ENABLE_HARDENED_RUNTIME = YES;
				ENABLE_PREVIEWS = YES;
				GENERATE_INFOPLIST_FILE = YES;
				"INFOPLIST_KEY_UIApplicationSceneManifest_Generation[sdk=iphoneos*]" = YES;
				"INFOPLIST_KEY_UIApplicationSceneManifest_Generation[sdk=iphonesimulator*]" = YES;
				"INFOPLIST_KEY_UIApplicationSupportsIndirectInputEvents[sdk=iphoneos*]" = YES;
				"INFOPLIST_KEY_UIApplicationSupportsIndirectInputEvents[sdk=iphonesimulator*]" = YES;
				"INFOPLIST_KEY_UILaunchScreen_Generation[sdk=iphoneos*]" = YES;
				"INFOPLIST_KEY_UILaunchScreen_Generation[sdk=iphonesimulator*]" = YES;
				"INFOPLIST_KEY_UIStatusBarStyle[sdk=iphoneos*]" = UIStatusBarStyleDefault;
				"INFOPLIST_KEY_UIStatusBarStyle[sdk=iphonesimulator*]" = UIStatusBarStyleDefault;
				INFOPLIST_KEY_UISupportedInterfaceOrientations_iPad = "UIInterfaceOrientationPortrait UIInterfaceOrientationPortraitUpsideDown UIInterfaceOrientationLandscapeLeft UIInterfaceOrientationLandscapeRight";
				INFOPLIST_KEY_UISupportedInterfaceOrientations_iPhone = "UIInterfaceOrientationPortrait UIInterfaceOrientationLandscapeLeft UIInterfaceOrientationLandscapeRight";
				IPHONEOS_DEPLOYMENT_TARGET = 17.0;
				LD_RUNPATH_SEARCH_PATHS = "@executable_path/Frameworks";
				"LD_RUNPATH_SEARCH_PATHS[sdk=macosx*]" = "@executable_path/../Frameworks";
				MACOSX_DEPLOYMENT_TARGET = 14.0;
				MARKETING_VERSION = 1.0.0;
				PRODUCT_BUNDLE_IDENTIFIER = HubletOy.IOSTutorial;
				PRODUCT_NAME = "$(TARGET_NAME)";
				SDKROOT = auto;
				SUPPORTED_PLATFORMS = "iphoneos iphonesimulator macosx";
				SWIFT_EMIT_LOC_STRINGS = YES;
				SWIFT_VERSION = 5.0;
				TARGETED_DEVICE_FAMILY = "1,2";
			};
			name = Release;
		};
		1D3D7F952B1C2AC300BA8D37 /* Debug */ = {
			isa = XCBuildConfiguration;
			buildSettings = {
				ALWAYS_EMBED_SWIFT_STANDARD_LIBRARIES = YES;
				BUNDLE_LOADER = "$(TEST_HOST)";
				CODE_SIGN_STYLE = Automatic;
				CURRENT_PROJECT_VERSION = 1;
				DEVELOPMENT_TEAM = RX8774SU27;
				GENERATE_INFOPLIST_FILE = YES;
				IPHONEOS_DEPLOYMENT_TARGET = 17.0;
				MACOSX_DEPLOYMENT_TARGET = 14.0;
				MARKETING_VERSION = 1.0;
				PRODUCT_BUNDLE_IDENTIFIER = HubletOy.IOSTutorialTests;
				PRODUCT_NAME = "$(TARGET_NAME)";
				SDKROOT = auto;
				SUPPORTED_PLATFORMS = "iphoneos iphonesimulator macosx";
				SWIFT_EMIT_LOC_STRINGS = NO;
				SWIFT_VERSION = 5.0;
				TARGETED_DEVICE_FAMILY = "1,2";
				TEST_HOST = "$(BUILT_PRODUCTS_DIR)/IOSTutorial.app/$(BUNDLE_EXECUTABLE_FOLDER_PATH)/IOSTutorial";
			};
			name = Debug;
		};
		1D3D7F962B1C2AC300BA8D37 /* Release */ = {
			isa = XCBuildConfiguration;
			buildSettings = {
				ALWAYS_EMBED_SWIFT_STANDARD_LIBRARIES = YES;
				BUNDLE_LOADER = "$(TEST_HOST)";
				CODE_SIGN_STYLE = Automatic;
				CURRENT_PROJECT_VERSION = 1;
				DEVELOPMENT_TEAM = RX8774SU27;
				GENERATE_INFOPLIST_FILE = YES;
				IPHONEOS_DEPLOYMENT_TARGET = 17.0;
				MACOSX_DEPLOYMENT_TARGET = 14.0;
				MARKETING_VERSION = 1.0;
				PRODUCT_BUNDLE_IDENTIFIER = HubletOy.IOSTutorialTests;
				PRODUCT_NAME = "$(TARGET_NAME)";
				SDKROOT = auto;
				SUPPORTED_PLATFORMS = "iphoneos iphonesimulator macosx";
				SWIFT_EMIT_LOC_STRINGS = NO;
				SWIFT_VERSION = 5.0;
				TARGETED_DEVICE_FAMILY = "1,2";
				TEST_HOST = "$(BUILT_PRODUCTS_DIR)/IOSTutorial.app/$(BUNDLE_EXECUTABLE_FOLDER_PATH)/IOSTutorial";
			};
			name = Release;
		};
		1D3D7F982B1C2AC300BA8D37 /* Debug */ = {
			isa = XCBuildConfiguration;
			buildSettings = {
				ALWAYS_EMBED_SWIFT_STANDARD_LIBRARIES = YES;
				CODE_SIGN_STYLE = Automatic;
				CURRENT_PROJECT_VERSION = 1;
				DEVELOPMENT_TEAM = RX8774SU27;
				GENERATE_INFOPLIST_FILE = YES;
				IPHONEOS_DEPLOYMENT_TARGET = 17.0;
				MACOSX_DEPLOYMENT_TARGET = 14.0;
				MARKETING_VERSION = 1.0;
				PRODUCT_BUNDLE_IDENTIFIER = HubletOy.IOSTutorialUITests;
				PRODUCT_NAME = "$(TARGET_NAME)";
				SDKROOT = auto;
				SUPPORTED_PLATFORMS = "iphoneos iphonesimulator macosx";
				SWIFT_EMIT_LOC_STRINGS = NO;
				SWIFT_VERSION = 5.0;
				TARGETED_DEVICE_FAMILY = "1,2";
				TEST_TARGET_NAME = IOSTutorial;
			};
			name = Debug;
		};
		1D3D7F992B1C2AC300BA8D37 /* Release */ = {
			isa = XCBuildConfiguration;
			buildSettings = {
				ALWAYS_EMBED_SWIFT_STANDARD_LIBRARIES = YES;
				CODE_SIGN_STYLE = Automatic;
				CURRENT_PROJECT_VERSION = 1;
				DEVELOPMENT_TEAM = RX8774SU27;
				GENERATE_INFOPLIST_FILE = YES;
				IPHONEOS_DEPLOYMENT_TARGET = 17.0;
				MACOSX_DEPLOYMENT_TARGET = 14.0;
				MARKETING_VERSION = 1.0;
				PRODUCT_BUNDLE_IDENTIFIER = HubletOy.IOSTutorialUITests;
				PRODUCT_NAME = "$(TARGET_NAME)";
				SDKROOT = auto;
				SUPPORTED_PLATFORMS = "iphoneos iphonesimulator macosx";
				SWIFT_EMIT_LOC_STRINGS = NO;
				SWIFT_VERSION = 5.0;
				TARGETED_DEVICE_FAMILY = "1,2";
				TEST_TARGET_NAME = IOSTutorial;
			};
			name = Release;
		};
/* End XCBuildConfiguration section */

/* Begin XCConfigurationList section */
		1D3D7F652B1C2AC100BA8D37 /* Build configuration list for PBXProject "IOSTutorial" */ = {
			isa = XCConfigurationList;
			buildConfigurations = (
				1D3D7F8F2B1C2AC300BA8D37 /* Debug */,
				1D3D7F902B1C2AC300BA8D37 /* Release */,
			);
			defaultConfigurationIsVisible = 0;
			defaultConfigurationName = Release;
		};
		1D3D7F912B1C2AC300BA8D37 /* Build configuration list for PBXNativeTarget "IOSTutorial" */ = {
			isa = XCConfigurationList;
			buildConfigurations = (
				1D3D7F922B1C2AC300BA8D37 /* Debug */,
				1D3D7F932B1C2AC300BA8D37 /* Release */,
			);
			defaultConfigurationIsVisible = 0;
			defaultConfigurationName = Release;
		};
		1D3D7F942B1C2AC300BA8D37 /* Build configuration list for PBXNativeTarget "IOSTutorialTests" */ = {
			isa = XCConfigurationList;
			buildConfigurations = (
				1D3D7F952B1C2AC300BA8D37 /* Debug */,
				1D3D7F962B1C2AC300BA8D37 /* Release */,
			);
			defaultConfigurationIsVisible = 0;
			defaultConfigurationName = Release;
		};
		1D3D7F972B1C2AC300BA8D37 /* Build configuration list for PBXNativeTarget "IOSTutorialUITests" */ = {
			isa = XCConfigurationList;
			buildConfigurations = (
				1D3D7F982B1C2AC300BA8D37 /* Debug */,
				1D3D7F992B1C2AC300BA8D37 /* Release */,
			);
			defaultConfigurationIsVisible = 0;
			defaultConfigurationName = Release;
		};
/* End XCConfigurationList section */
	};
	rootObject = 1D3D7F622B1C2AC100BA8D37 /* Project object */;
}
